{
  "version": 4,
  "terraform_version": "0.14.9",
  "serial": 61,
  "lineage": "373159a1-2508-0b2b-da23-f5a6a331cd77",
  "outputs": {
    "Public_IP_Address": {
      "value": "104.196.61.139",
      "type": "string"
    }
  },
  "resources": [
    {
      "mode": "managed",
      "type": "google_compute_firewall",
      "name": "default",
      "provider": "provider[\"registry.terraform.io/hashicorp/google\"]",
      "instances": [
        {
          "schema_version": 1,
          "attributes": {
            "allow": [
              {
                "ports": [
                  "80",
                  "443"
                ],
                "protocol": "tcp"
              }
            ],
            "creation_timestamp": "2021-05-26T19:04:32.414-07:00",
            "deny": [],
            "description": "",
            "destination_ranges": [],
            "direction": "INGRESS",
            "disabled": false,
            "enable_logging": null,
            "id": "projects/nj-db-314623/global/firewalls/nj-api-www-firewall",
            "log_config": [],
            "name": "nj-api-www-firewall",
            "network": "https://www.googleapis.com/compute/v1/projects/nj-db-314623/global/networks/default",
            "priority": 1000,
            "project": "nj-db-314623",
            "self_link": "https://www.googleapis.com/compute/v1/projects/nj-db-314623/global/firewalls/nj-api-www-firewall",
            "source_ranges": [
              "0.0.0.0/0"
            ],
            "source_service_accounts": null,
            "source_tags": null,
            "target_service_accounts": null,
            "target_tags": [
              "docker-node",
              "http-server",
              "https-server"
            ],
            "timeouts": null
          },
          "sensitive_attributes": [],
          "private": "eyJlMmJmYjczMC1lY2FhLTExZTYtOGY4OC0zNDM2M2JjN2M0YzAiOnsiY3JlYXRlIjoyNDAwMDAwMDAwMDAsImRlbGV0ZSI6MjQwMDAwMDAwMDAwLCJ1cGRhdGUiOjI0MDAwMDAwMDAwMH0sInNjaGVtYV92ZXJzaW9uIjoiMSJ9"
        }
      ]
    },
    {
      "mode": "managed",
      "type": "google_compute_instance",
      "name": "docker",
      "provider": "provider[\"registry.terraform.io/hashicorp/google\"]",
      "instances": [
        {
          "index_key": 0,
          "schema_version": 6,
          "attributes": {
            "allow_stopping_for_update": null,
            "attached_disk": [],
            "boot_disk": [
              {
                "auto_delete": true,
                "device_name": "persistent-disk-0",
                "disk_encryption_key_raw": "",
                "disk_encryption_key_sha256": "",
                "initialize_params": [
                  {
                    "image": "https://www.googleapis.com/compute/v1/projects/ubuntu-os-cloud/global/images/ubuntu-2004-focal-v20210510",
                    "labels": {},
                    "size": 10,
                    "type": "pd-standard"
                  }
                ],
                "kms_key_self_link": "",
                "mode": "READ_WRITE",
                "source": "https://www.googleapis.com/compute/v1/projects/nj-db-314623/zones/us-east1-b/disks/nj-api"
              }
            ],
            "can_ip_forward": false,
            "confidential_instance_config": [],
            "cpu_platform": "Intel Haswell",
            "current_status": "RUNNING",
            "deletion_protection": false,
            "description": "",
            "desired_status": null,
            "enable_display": false,
            "guest_accelerator": [],
            "hostname": "",
            "id": "projects/nj-db-314623/zones/us-east1-b/instances/nj-api",
            "instance_id": "7470217203573539039",
            "label_fingerprint": "42WmSpB8rSM=",
            "labels": null,
            "machine_type": "f1-micro",
            "metadata": {
              "ssh-keys": "root:ssh-rsa AAAAB3NzaC1yc2EAAAADAQABAAABgQDagdC01Jmx1qWGcoSPEqjwZixzc9hoXuP+KqdA0QjmzsiCBWIZfi7eST95CVCoq+0GWaucjlEWFIjKBsHo1/3J+wIFW79xsRsE1qnBZvYKs0UwaZ1lJsjX/HEzRyfc6JDarhcp3MRZzICdi3e9wVY7KUNmhAXsCpUhvrvHubvGr5uBtKFbb3tIj/Q1mUiFt0nijntb3WUbOAe2xjYQR4M4yPIBT3fBIkcWdsoYC2LPN2hlAgkbmpFdzHcQEcFdmwBKm6w7asSUxUTbYgN67IqI+P1o8MX8gGun6ulOsA4aLhrlsP5xf6RB+5D5ODFedwiKkfo1lLSpkGfkf+YQFoenNyjPPZ3DttOMjkpDmA5zq9BtMQYs7XrC/Z8CwDaYkYmNTwhI1JBersWEYKMJ+vX1jTU/c+A1mpTsXxh3GaokkaUQMnRffyLLlEJtgVb2iTdk2ENtUSghQoW20aI8OftkGkNWX1P+l8KZRlBzoo7v7grlGu2X2zyKwoB4C52+9l8= casoetan@Charless-MacBook-Pro.local\n"
            },
            "metadata_fingerprint": "tIQLVIE5OnQ=",
            "metadata_startup_script": "",
            "min_cpu_platform": "",
            "name": "nj-api",
            "network_interface": [
              {
                "access_config": [
                  {
                    "nat_ip": "104.196.61.139",
                    "network_tier": "PREMIUM",
                    "public_ptr_domain_name": ""
                  }
                ],
                "alias_ip_range": [],
                "name": "nic0",
                "network": "https://www.googleapis.com/compute/v1/projects/nj-db-314623/global/networks/default",
                "network_ip": "10.142.0.5",
                "nic_type": "",
                "subnetwork": "https://www.googleapis.com/compute/v1/projects/nj-db-314623/regions/us-east1/subnetworks/default",
                "subnetwork_project": "nj-db-314623"
              }
            ],
            "project": "nj-db-314623",
            "resource_policies": null,
            "scheduling": [
              {
                "automatic_restart": true,
                "min_node_cpus": 0,
                "node_affinities": [],
                "on_host_maintenance": "MIGRATE",
                "preemptible": false
              }
            ],
            "scratch_disk": [],
            "self_link": "https://www.googleapis.com/compute/v1/projects/nj-db-314623/zones/us-east1-b/instances/nj-api",
            "service_account": [
              {
                "email": "619989268843-compute@developer.gserviceaccount.com",
                "scopes": [
                  "https://www.googleapis.com/auth/compute.readonly"
                ]
              }
            ],
            "shielded_instance_config": [
              {
                "enable_integrity_monitoring": true,
                "enable_secure_boot": false,
                "enable_vtpm": true
              }
            ],
            "tags": [
              "docker-node",
              "http-server",
              "https-server"
            ],
            "tags_fingerprint": "jq7pP424Yl0=",
            "timeouts": null,
            "zone": "us-east1-b"
          },
          "sensitive_attributes": [],
          "private": "eyJlMmJmYjczMC1lY2FhLTExZTYtOGY4OC0zNDM2M2JjN2M0YzAiOnsiY3JlYXRlIjoxMjAwMDAwMDAwMDAwLCJkZWxldGUiOjEyMDAwMDAwMDAwMDAsInVwZGF0ZSI6MTIwMDAwMDAwMDAwMH0sInNjaGVtYV92ZXJzaW9uIjoiNiJ9"
        }
      ]
    },
    {
      "mode": "managed",
      "type": "null_resource",
      "name": "docker",
      "provider": "provider[\"registry.terraform.io/hashicorp/null\"]",
      "instances": [
        {
          "schema_version": 0,
          "attributes": {
            "id": "5631042691284490636",
            "triggers": null
          },
          "sensitive_attributes": [],
          "private": "bnVsbA==",
          "dependencies": [
            "google_compute_instance.docker"
          ]
        }
      ]
    }
  ]
}
